// !$*UTF8*$!
{
	archiveVersion = 1;
	classes = {
	};
	objectVersion = 46;
	objects = {

/* Begin PBXBuildFile section */
		371E296DB896CC4D1A4D95BD /* LSKRandomColorTableViewCell.m in Sources */ = {isa = PBXBuildFile; fileRef = 371E2F42D94E8BC40CB39C25 /* LSKRandomColorTableViewCell.m */; };
		371E2A90551AE18C6C358287 /* LSKColorDictionary.m in Sources */ = {isa = PBXBuildFile; fileRef = 371E2BF30218CBE7647E51D9 /* LSKColorDictionary.m */; };
		371E2F7D141B68919A26887E /* LSKColorUtils.m in Sources */ = {isa = PBXBuildFile; fileRef = 371E25B08EC4B92E722DDB82 /* LSKColorUtils.m */; };
		580EF7551A727C5500AAE1DF /* main.m in Sources */ = {isa = PBXBuildFile; fileRef = 580EF7541A727C5500AAE1DF /* main.m */; };
		580EF7581A727C5500AAE1DF /* AppDelegate.m in Sources */ = {isa = PBXBuildFile; fileRef = 580EF7571A727C5500AAE1DF /* AppDelegate.m */; };
		580EF75B1A727C5500AAE1DF /* LSKRandomColorMainViewController.m in Sources */ = {isa = PBXBuildFile; fileRef = 580EF75A1A727C5500AAE1DF /* LSKRandomColorMainViewController.m */; };
		580EF7601A727C5500AAE1DF /* Images.xcassets in Resources */ = {isa = PBXBuildFile; fileRef = 580EF75F1A727C5500AAE1DF /* Images.xcassets */; };
		580EF7631A727C5500AAE1DF /* LaunchScreen.xib in Resources */ = {isa = PBXBuildFile; fileRef = 580EF7611A727C5500AAE1DF /* LaunchScreen.xib */; };
		580EF76F1A727C5500AAE1DF /* RandomColorTests.m in Sources */ = {isa = PBXBuildFile; fileRef = 580EF76E1A727C5500AAE1DF /* RandomColorTests.m */; };
/* End PBXBuildFile section */

/* Begin PBXContainerItemProxy section */
		580EF7691A727C5500AAE1DF /* PBXContainerItemProxy */ = {
			isa = PBXContainerItemProxy;
			containerPortal = 580EF7471A727C5500AAE1DF /* Project object */;
			proxyType = 1;
			remoteGlobalIDString = 580EF74E1A727C5500AAE1DF;
			remoteInfo = RandomColor;
		};
/* End PBXContainerItemProxy section */

/* Begin PBXFileReference section */
		371E21D265EB2D911F457B87 /* LSKRandomColor-PrefixHeader.pch */ = {isa = PBXFileReference; fileEncoding = 4; lastKnownFileType = sourcecode.c.h; path = "LSKRandomColor-PrefixHeader.pch"; sourceTree = "<group>"; };
		371E254C5F6817401DEE121A /* LSKColorUtils.h */ = {isa = PBXFileReference; fileEncoding = 4; lastKnownFileType = sourcecode.c.h; path = LSKColorUtils.h; sourceTree = "<group>"; };
		371E25B08EC4B92E722DDB82 /* LSKColorUtils.m */ = {isa = PBXFileReference; fileEncoding = 4; lastKnownFileType = sourcecode.c.objc; path = LSKColorUtils.m; sourceTree = "<group>"; };
		371E2B1EACD57748EA42035F /* LSKColorDictionary.h */ = {isa = PBXFileReference; fileEncoding = 4; lastKnownFileType = sourcecode.c.h; path = LSKColorDictionary.h; sourceTree = "<group>"; };
		371E2BF30218CBE7647E51D9 /* LSKColorDictionary.m */ = {isa = PBXFileReference; fileEncoding = 4; lastKnownFileType = sourcecode.c.objc; path = LSKColorDictionary.m; sourceTree = "<group>"; };
		371E2E17953CA7186D84E0DE /* LSKRandomColorTableViewCell.h */ = {isa = PBXFileReference; fileEncoding = 4; lastKnownFileType = sourcecode.c.h; path = LSKRandomColorTableViewCell.h; sourceTree = "<group>"; };
		371E2F42D94E8BC40CB39C25 /* LSKRandomColorTableViewCell.m */ = {isa = PBXFileReference; fileEncoding = 4; lastKnownFileType = sourcecode.c.objc; path = LSKRandomColorTableViewCell.m; sourceTree = "<group>"; };
		580EF74F1A727C5500AAE1DF /* RandomColor.app */ = {isa = PBXFileReference; explicitFileType = wrapper.application; includeInIndex = 0; path = RandomColor.app; sourceTree = BUILT_PRODUCTS_DIR; };
		580EF7531A727C5500AAE1DF /* Info.plist */ = {isa = PBXFileReference; lastKnownFileType = text.plist.xml; path = Info.plist; sourceTree = "<group>"; };
		580EF7541A727C5500AAE1DF /* main.m */ = {isa = PBXFileReference; lastKnownFileType = sourcecode.c.objc; path = main.m; sourceTree = "<group>"; };
		580EF7561A727C5500AAE1DF /* AppDelegate.h */ = {isa = PBXFileReference; lastKnownFileType = sourcecode.c.h; path = AppDelegate.h; sourceTree = "<group>"; };
		580EF7571A727C5500AAE1DF /* AppDelegate.m */ = {isa = PBXFileReference; lastKnownFileType = sourcecode.c.objc; path = AppDelegate.m; sourceTree = "<group>"; };
		580EF7591A727C5500AAE1DF /* LSKRandomColorMainViewController.h */ = {isa = PBXFileReference; lastKnownFileType = sourcecode.c.h; path = LSKRandomColorMainViewController.h; sourceTree = "<group>"; };
		580EF75A1A727C5500AAE1DF /* LSKRandomColorMainViewController.m */ = {isa = PBXFileReference; lastKnownFileType = sourcecode.c.objc; path = LSKRandomColorMainViewController.m; sourceTree = "<group>"; };
		580EF75F1A727C5500AAE1DF /* Images.xcassets */ = {isa = PBXFileReference; lastKnownFileType = folder.assetcatalog; path = Images.xcassets; sourceTree = "<group>"; };
		580EF7621A727C5500AAE1DF /* Base */ = {isa = PBXFileReference; lastKnownFileType = file.xib; name = Base; path = Base.lproj/LaunchScreen.xib; sourceTree = "<group>"; };
		580EF7681A727C5500AAE1DF /* RandomColorTests.xctest */ = {isa = PBXFileReference; explicitFileType = wrapper.cfbundle; includeInIndex = 0; path = RandomColorTests.xctest; sourceTree = BUILT_PRODUCTS_DIR; };
		580EF76D1A727C5500AAE1DF /* Info.plist */ = {isa = PBXFileReference; lastKnownFileType = text.plist.xml; path = Info.plist; sourceTree = "<group>"; };
		580EF76E1A727C5500AAE1DF /* RandomColorTests.m */ = {isa = PBXFileReference; lastKnownFileType = sourcecode.c.objc; path = RandomColorTests.m; sourceTree = "<group>"; };
/* End PBXFileReference section */

/* Begin PBXFrameworksBuildPhase section */
		580EF74C1A727C5500AAE1DF /* Frameworks */ = {
			isa = PBXFrameworksBuildPhase;
			buildActionMask = 2147483647;
			files = (
			);
			runOnlyForDeploymentPostprocessing = 0;
		};
		580EF7651A727C5500AAE1DF /* Frameworks */ = {
			isa = PBXFrameworksBuildPhase;
			buildActionMask = 2147483647;
			files = (
			);
			runOnlyForDeploymentPostprocessing = 0;
		};
/* End PBXFrameworksBuildPhase section */

/* Begin PBXGroup section */
		371E210A078F467146F3EE24 /* ColorUtils */ = {
			isa = PBXGroup;
			children = (
				371E2BF30218CBE7647E51D9 /* LSKColorDictionary.m */,
				371E254C5F6817401DEE121A /* LSKColorUtils.h */,
				371E2B1EACD57748EA42035F /* LSKColorDictionary.h */,
				371E25B08EC4B92E722DDB82 /* LSKColorUtils.m */,
			);
			path = ColorUtils;
			sourceTree = "<group>";
		};
		371E27F9A009D168D5DAFD6B /* Views */ = {
			isa = PBXGroup;
			children = (
				371E2F42D94E8BC40CB39C25 /* LSKRandomColorTableViewCell.m */,
				371E2E17953CA7186D84E0DE /* LSKRandomColorTableViewCell.h */,
			);
			path = Views;
			sourceTree = "<group>";
		};
		580EF7461A727C5500AAE1DF = {
			isa = PBXGroup;
			children = (
				580EF7511A727C5500AAE1DF /* RandomColor */,
				580EF76B1A727C5500AAE1DF /* RandomColorTests */,
				580EF7501A727C5500AAE1DF /* Products */,
			);
			sourceTree = "<group>";
		};
		580EF7501A727C5500AAE1DF /* Products */ = {
			isa = PBXGroup;
			children = (
				580EF74F1A727C5500AAE1DF /* RandomColor.app */,
				580EF7681A727C5500AAE1DF /* RandomColorTests.xctest */,
			);
			name = Products;
			sourceTree = "<group>";
		};
		580EF7511A727C5500AAE1DF /* RandomColor */ = {
			isa = PBXGroup;
			children = (
				580EF7561A727C5500AAE1DF /* AppDelegate.h */,
				580EF7571A727C5500AAE1DF /* AppDelegate.m */,
				580EF7591A727C5500AAE1DF /* LSKRandomColorMainViewController.h */,
				580EF75A1A727C5500AAE1DF /* LSKRandomColorMainViewController.m */,
				580EF75F1A727C5500AAE1DF /* Images.xcassets */,
				580EF7611A727C5500AAE1DF /* LaunchScreen.xib */,
				580EF7521A727C5500AAE1DF /* Supporting Files */,
				371E27F9A009D168D5DAFD6B /* Views */,
				371E210A078F467146F3EE24 /* ColorUtils */,
			);
			path = RandomColor;
			sourceTree = "<group>";
		};
		580EF7521A727C5500AAE1DF /* Supporting Files */ = {
			isa = PBXGroup;
			children = (
				580EF7531A727C5500AAE1DF /* Info.plist */,
				580EF7541A727C5500AAE1DF /* main.m */,
				371E21D265EB2D911F457B87 /* LSKRandomColor-PrefixHeader.pch */,
			);
			name = "Supporting Files";
			sourceTree = "<group>";
		};
		580EF76B1A727C5500AAE1DF /* RandomColorTests */ = {
			isa = PBXGroup;
			children = (
				580EF76E1A727C5500AAE1DF /* RandomColorTests.m */,
				580EF76C1A727C5500AAE1DF /* Supporting Files */,
			);
			path = RandomColorTests;
			sourceTree = "<group>";
		};
		580EF76C1A727C5500AAE1DF /* Supporting Files */ = {
			isa = PBXGroup;
			children = (
				580EF76D1A727C5500AAE1DF /* Info.plist */,
			);
			name = "Supporting Files";
			sourceTree = "<group>";
		};
/* End PBXGroup section */

/* Begin PBXNativeTarget section */
		580EF74E1A727C5500AAE1DF /* RandomColor */ = {
			isa = PBXNativeTarget;
			buildConfigurationList = 580EF7721A727C5500AAE1DF /* Build configuration list for PBXNativeTarget "RandomColor" */;
			buildPhases = (
				580EF74B1A727C5500AAE1DF /* Sources */,
				580EF74C1A727C5500AAE1DF /* Frameworks */,
				580EF74D1A727C5500AAE1DF /* Resources */,
			);
			buildRules = (
			);
			dependencies = (
			);
			name = RandomColor;
			productName = RandomColor;
			productReference = 580EF74F1A727C5500AAE1DF /* RandomColor.app */;
			productType = "com.apple.product-type.application";
		};
		580EF7671A727C5500AAE1DF /* RandomColorTests */ = {
			isa = PBXNativeTarget;
			buildConfigurationList = 580EF7751A727C5500AAE1DF /* Build configuration list for PBXNativeTarget "RandomColorTests" */;
			buildPhases = (
				580EF7641A727C5500AAE1DF /* Sources */,
				580EF7651A727C5500AAE1DF /* Frameworks */,
				580EF7661A727C5500AAE1DF /* Resources */,
			);
			buildRules = (
			);
			dependencies = (
				580EF76A1A727C5500AAE1DF /* PBXTargetDependency */,
			);
			name = RandomColorTests;
			productName = RandomColorTests;
			productReference = 580EF7681A727C5500AAE1DF /* RandomColorTests.xctest */;
			productType = "com.apple.product-type.bundle.unit-test";
		};
/* End PBXNativeTarget section */

/* Begin PBXProject section */
		580EF7471A727C5500AAE1DF /* Project object */ = {
			isa = PBXProject;
			attributes = {
				LastUpgradeCheck = 0610;
				ORGANIZATIONNAME = vars;
				TargetAttributes = {
					580EF74E1A727C5500AAE1DF = {
						CreatedOnToolsVersion = 6.1.1;
					};
					580EF7671A727C5500AAE1DF = {
						CreatedOnToolsVersion = 6.1.1;
						TestTargetID = 580EF74E1A727C5500AAE1DF;
					};
				};
			};
			buildConfigurationList = 580EF74A1A727C5500AAE1DF /* Build configuration list for PBXProject "RandomColor" */;
			compatibilityVersion = "Xcode 3.2";
			developmentRegion = English;
			hasScannedForEncodings = 0;
			knownRegions = (
				en,
				Base,
			);
			mainGroup = 580EF7461A727C5500AAE1DF;
			productRefGroup = 580EF7501A727C5500AAE1DF /* Products */;
			projectDirPath = "";
			projectRoot = "";
			targets = (
				580EF74E1A727C5500AAE1DF /* RandomColor */,
				580EF7671A727C5500AAE1DF /* RandomColorTests */,
			);
		};
/* End PBXProject section */

/* Begin PBXResourcesBuildPhase section */
		580EF74D1A727C5500AAE1DF /* Resources */ = {
			isa = PBXResourcesBuildPhase;
			buildActionMask = 2147483647;
			files = (
				580EF7631A727C5500AAE1DF /* LaunchScreen.xib in Resources */,
				580EF7601A727C5500AAE1DF /* Images.xcassets in Resources */,
			);
			runOnlyForDeploymentPostprocessing = 0;
		};
		580EF7661A727C5500AAE1DF /* Resources */ = {
			isa = PBXResourcesBuildPhase;
			buildActionMask = 2147483647;
			files = (
			);
			runOnlyForDeploymentPostprocessing = 0;
		};
/* End PBXResourcesBuildPhase section */

/* Begin PBXSourcesBuildPhase section */
		580EF74B1A727C5500AAE1DF /* Sources */ = {
			isa = PBXSourcesBuildPhase;
			buildActionMask = 2147483647;
			files = (
				580EF75B1A727C5500AAE1DF /* LSKRandomColorMainViewController.m in Sources */,
				580EF7581A727C5500AAE1DF /* AppDelegate.m in Sources */,
				580EF7551A727C5500AAE1DF /* main.m in Sources */,
				371E2A90551AE18C6C358287 /* LSKColorDictionary.m in Sources */,
				371E2F7D141B68919A26887E /* LSKColorUtils.m in Sources */,
				371E296DB896CC4D1A4D95BD /* LSKRandomColorTableViewCell.m in Sources */,
			);
			runOnlyForDeploymentPostprocessing = 0;
		};
		580EF7641A727C5500AAE1DF /* Sources */ = {
			isa = PBXSourcesBuildPhase;
			buildActionMask = 2147483647;
			files = (
				580EF76F1A727C5500AAE1DF /* RandomColorTests.m in Sources */,
			);
			runOnlyForDeploymentPostprocessing = 0;
		};
/* End PBXSourcesBuildPhase section */

/* Begin PBXTargetDependency section */
		580EF76A1A727C5500AAE1DF /* PBXTargetDependency */ = {
			isa = PBXTargetDependency;
			target = 580EF74E1A727C5500AAE1DF /* RandomColor */;
			targetProxy = 580EF7691A727C5500AAE1DF /* PBXContainerItemProxy */;
		};
/* End PBXTargetDependency section */

/* Begin PBXVariantGroup section */
		580EF7611A727C5500AAE1DF /* LaunchScreen.xib */ = {
			isa = PBXVariantGroup;
			children = (
				580EF7621A727C5500AAE1DF /* Base */,
			);
			name = LaunchScreen.xib;
			sourceTree = "<group>";
		};
/* End PBXVariantGroup section */

/* Begin XCBuildConfiguration section */
		580EF7701A727C5500AAE1DF /* Debug */ = {
			isa = XCBuildConfiguration;
			buildSettings = {
				ALWAYS_SEARCH_USER_PATHS = NO;
				CLANG_CXX_LANGUAGE_STANDARD = "gnu++0x";
				CLANG_CXX_LIBRARY = "libc++";
				CLANG_ENABLE_MODULES = YES;
				CLANG_ENABLE_OBJC_ARC = YES;
				CLANG_WARN_BOOL_CONVERSION = YES;
				CLANG_WARN_CONSTANT_CONVERSION = YES;
				CLANG_WARN_DIRECT_OBJC_ISA_USAGE = YES_ERROR;
				CLANG_WARN_EMPTY_BODY = YES;
				CLANG_WARN_ENUM_CONVERSION = YES;
				CLANG_WARN_INT_CONVERSION = YES;
				CLANG_WARN_OBJC_ROOT_CLASS = YES_ERROR;
				CLANG_WARN_UNREACHABLE_CODE = YES;
				CLANG_WARN__DUPLICATE_METHOD_MATCH = YES;
				"CODE_SIGN_IDENTITY[sdk=iphoneos*]" = "iPhone Developer";
				COPY_PHASE_STRIP = NO;
				ENABLE_STRICT_OBJC_MSGSEND = YES;
				GCC_C_LANGUAGE_STANDARD = gnu99;
				GCC_DYNAMIC_NO_PIC = NO;
				GCC_OPTIMIZATION_LEVEL = 0;
				GCC_PREPROCESSOR_DEFINITIONS = (
					"DEBUG=1",
					"$(inherited)",
				);
				GCC_SYMBOLS_PRIVATE_EXTERN = NO;
				GCC_WARN_64_TO_32_BIT_CONVERSION = YES;
				GCC_WARN_ABOUT_RETURN_TYPE = YES_ERROR;
				GCC_WARN_UNDECLARED_SELECTOR = YES;
				GCC_WARN_UNINITIALIZED_AUTOS = YES_AGGRESSIVE;
				GCC_WARN_UNUSED_FUNCTION = YES;
				GCC_WARN_UNUSED_VARIABLE = YES;
				IPHONEOS_DEPLOYMENT_TARGET = 8.1;
				MTL_ENABLE_DEBUG_INFO = YES;
				ONLY_ACTIVE_ARCH = YES;
				SDKROOT = iphoneos;
			};
			name = Debug;
		};
		580EF7711A727C5500AAE1DF /* Release */ = {
			isa = XCBuildConfiguration;
			buildSettings = {
				ALWAYS_SEARCH_USER_PATHS = NO;
				CLANG_CXX_LANGUAGE_STANDARD = "gnu++0x";
				CLANG_CXX_LIBRARY = "libc++";
				CLANG_ENABLE_MODULES = YES;
				CLANG_ENABLE_OBJC_ARC = YES;
				CLANG_WARN_BOOL_CONVERSION = YES;
				CLANG_WARN_CONSTANT_CONVERSION = YES;
				CLANG_WARN_DIRECT_OBJC_ISA_USAGE = YES_ERROR;
				CLANG_WARN_EMPTY_BODY = YES;
				CLANG_WARN_ENUM_CONVERSION = YES;
				CLANG_WARN_INT_CONVERSION = YES;
				CLANG_WARN_OBJC_ROOT_CLASS = YES_ERROR;
				CLANG_WARN_UNREACHABLE_CODE = YES;
				CLANG_WARN__DUPLICATE_METHOD_MATCH = YES;
				"CODE_SIGN_IDENTITY[sdk=iphoneos*]" = "iPhone Developer";
				COPY_PHASE_STRIP = YES;
				ENABLE_NS_ASSERTIONS = NO;
				ENABLE_STRICT_OBJC_MSGSEND = YES;
				GCC_C_LANGUAGE_STANDARD = gnu99;
				GCC_WARN_64_TO_32_BIT_CONVERSION = YES;
				GCC_WARN_ABOUT_RETURN_TYPE = YES_ERROR;
				GCC_WARN_UNDECLARED_SELECTOR = YES;
				GCC_WARN_UNINITIALIZED_AUTOS = YES_AGGRESSIVE;
				GCC_WARN_UNUSED_FUNCTION = YES;
				GCC_WARN_UNUSED_VARIABLE = YES;
				IPHONEOS_DEPLOYMENT_TARGET = 8.1;
				MTL_ENABLE_DEBUG_INFO = NO;
				SDKROOT = iphoneos;
				VALIDATE_PRODUCT = YES;
			};
			name = Release;
		};
		580EF7731A727C5500AAE1DF /* Debug */ = {
			isa = XCBuildConfiguration;
			buildSettings = {
				ASSETCATALOG_COMPILER_APPICON_NAME = AppIcon;
				GCC_PREFIX_HEADER = "RandomColor/LSKRandomColor-PrefixHeader.pch";
				INFOPLIST_FILE = RandomColor/Info.plist;
				LD_RUNPATH_SEARCH_PATHS = "$(inherited) @executable_path/Frameworks";
				PRODUCT_NAME = "$(TARGET_NAME)";
			};
			name = Debug;
		};
		580EF7741A727C5500AAE1DF /* Release */ = {
			isa = XCBuildConfiguration;
			buildSettings = {
				ASSETCATALOG_COMPILER_APPICON_NAME = AppIcon;
				GCC_PREFIX_HEADER = "RandomColor/LSKRandomColor-PrefixHeader.pch";
				INFOPLIST_FILE = RandomColor/Info.plist;
				LD_RUNPATH_SEARCH_PATHS = "$(inherited) @executable_path/Frameworks";
				PRODUCT_NAME = "$(TARGET_NAME)";
			};
			name = Release;
		};
		580EF7761A727C5500AAE1DF /* Debug */ = {
			isa = XCBuildConfiguration;
			buildSettings = {
				BUNDLE_LOADER = "$(TEST_HOST)";
				FRAMEWORK_SEARCH_PATHS = (
					"$(SDKROOT)/Developer/Library/Frameworks",
					"$(inherited)",
				);
				GCC_PRECOMPILE_PREFIX_HEADER = YES;
				GCC_PREFIX_HEADER = "RandomColor/LSKRandomColor-PrefixHeader.pch";
				GCC_PREPROCESSOR_DEFINITIONS = (
					"DEBUG=1",
					"$(inherited)",
				);
				INFOPLIST_FILE = RandomColorTests/Info.plist;
				LD_RUNPATH_SEARCH_PATHS = "$(inherited) @executable_path/Frameworks @loader_path/Frameworks";
				PRODUCT_NAME = "$(TARGET_NAME)";
				TEST_HOST = "$(BUILT_PRODUCTS_DIR)/RandomColor.app/RandomColor";
			};
			name = Debug;
		};
		580EF7771A727C5500AAE1DF /* Release */ = {
			isa = XCBuildConfiguration;
			buildSettings = {
				BUNDLE_LOADER = "$(TEST_HOST)";
				FRAMEWORK_SEARCH_PATHS = (
					"$(SDKROOT)/Developer/Library/Frameworks",
					"$(inherited)",
				);
				GCC_PRECOMPILE_PREFIX_HEADER = YES;
				GCC_PREFIX_HEADER = "RandomColor/LSKRandomColor-PrefixHeader.pch";
				INFOPLIST_FILE = RandomColorTests/Info.plist;
				LD_RUNPATH_SEARCH_PATHS = "$(inherited) @executable_path/Frameworks @loader_path/Frameworks";
				PRODUCT_NAME = "$(TARGET_NAME)";
				TEST_HOST = "$(BUILT_PRODUCTS_DIR)/RandomColor.app/RandomColor";
			};
			name = Release;
		};
/* End XCBuildConfiguration section */

/* Begin XCConfigurationList section */
		580EF74A1A727C5500AAE1DF /* Build configuration list for PBXProject "RandomColor" */ = {
			isa = XCConfigurationList;
			buildConfigurations = (
				580EF7701A727C5500AAE1DF /* Debug */,
				580EF7711A727C5500AAE1DF /* Release */,
			);
			defaultConfigurationIsVisible = 0;
			defaultConfigurationName = Release;
		};
		580EF7721A727C5500AAE1DF /* Build configuration list for PBXNativeTarget "RandomColor" */ = {
			isa = XCConfigurationList;
			buildConfigurations = (
				580EF7731A727C5500AAE1DF /* Debug */,
				580EF7741A727C5500AAE1DF /* Release */,
			);
			defaultConfigurationIsVisible = 0;
			defaultConfigurationName = Release;
		};
		580EF7751A727C5500AAE1DF /* Build configuration list for PBXNativeTarget "RandomColorTests" */ = {
			isa = XCConfigurationList;
			buildConfigurations = (
				580EF7761A727C5500AAE1DF /* Debug */,
				580EF7771A727C5500AAE1DF /* Release */,
			);
			defaultConfigurationIsVisible = 0;
			defaultConfigurationName = Release;
		};
/* End XCConfigurationList section */
	};
	rootObject = 580EF7471A727C5500AAE1DF /* Project object */;
}
